// !$*UTF8*$!
{
	archiveVersion = 1;
	classes = {
	};
	objectVersion = 50;
	objects = {

/* Begin PBXBuildFile section */
		54757AE7239A58200048A732 /* AppDelegate.swift in Sources */ = {isa = PBXBuildFile; fileRef = 54757AE6239A58200048A732 /* AppDelegate.swift */; };
		54757AE9239A58200048A732 /* SceneDelegate.swift in Sources */ = {isa = PBXBuildFile; fileRef = 54757AE8239A58200048A732 /* SceneDelegate.swift */; };
		54757AEB239A58200048A732 /* ViewController.swift in Sources */ = {isa = PBXBuildFile; fileRef = 54757AEA239A58200048A732 /* ViewController.swift */; };
		54757AEE239A58200048A732 /* Main.storyboard in Resources */ = {isa = PBXBuildFile; fileRef = 54757AEC239A58200048A732 /* Main.storyboard */; };
		54757AF0239A58210048A732 /* Assets.xcassets in Resources */ = {isa = PBXBuildFile; fileRef = 54757AEF239A58210048A732 /* Assets.xcassets */; };
		54757AF3239A58210048A732 /* LaunchScreen.storyboard in Resources */ = {isa = PBXBuildFile; fileRef = 54757AF1239A58210048A732 /* LaunchScreen.storyboard */; };
		54757AFE239A58220048A732 /* UPNCalculatorTests.swift in Sources */ = {isa = PBXBuildFile; fileRef = 54757AFD239A58220048A732 /* UPNCalculatorTests.swift */; };
		54757B09239A58220048A732 /* UPNCalculatorUITests.swift in Sources */ = {isa = PBXBuildFile; fileRef = 54757B08239A58220048A732 /* UPNCalculatorUITests.swift */; };
/* End PBXBuildFile section */

/* Begin PBXContainerItemProxy section */
		54757AFA239A58220048A732 /* PBXContainerItemProxy */ = {
			isa = PBXContainerItemProxy;
			containerPortal = 54757ADB239A58200048A732 /* Project object */;
			proxyType = 1;
			remoteGlobalIDString = 54757AE2239A58200048A732;
			remoteInfo = UPNCalculator;
		};
		54757B05239A58220048A732 /* PBXContainerItemProxy */ = {
			isa = PBXContainerItemProxy;
			containerPortal = 54757ADB239A58200048A732 /* Project object */;
			proxyType = 1;
			remoteGlobalIDString = 54757AE2239A58200048A732;
			remoteInfo = UPNCalculator;
		};
/* End PBXContainerItemProxy section */

/* Begin PBXFileReference section */
		54757AE3239A58200048A732 /* UPNCalculator.app */ = {isa = PBXFileReference; explicitFileType = wrapper.application; includeInIndex = 0; path = UPNCalculator.app; sourceTree = BUILT_PRODUCTS_DIR; };
		54757AE6239A58200048A732 /* AppDelegate.swift */ = {isa = PBXFileReference; lastKnownFileType = sourcecode.swift; path = AppDelegate.swift; sourceTree = "<group>"; };
		54757AE8239A58200048A732 /* SceneDelegate.swift */ = {isa = PBXFileReference; lastKnownFileType = sourcecode.swift; path = SceneDelegate.swift; sourceTree = "<group>"; };
		54757AEA239A58200048A732 /* ViewController.swift */ = {isa = PBXFileReference; lastKnownFileType = sourcecode.swift; path = ViewController.swift; sourceTree = "<group>"; };
		54757AED239A58200048A732 /* Base */ = {isa = PBXFileReference; lastKnownFileType = file.storyboard; name = Base; path = Base.lproj/Main.storyboard; sourceTree = "<group>"; };
		54757AEF239A58210048A732 /* Assets.xcassets */ = {isa = PBXFileReference; lastKnownFileType = folder.assetcatalog; path = Assets.xcassets; sourceTree = "<group>"; };
		54757AF2239A58210048A732 /* Base */ = {isa = PBXFileReference; lastKnownFileType = file.storyboard; name = Base; path = Base.lproj/LaunchScreen.storyboard; sourceTree = "<group>"; };
		54757AF4239A58210048A732 /* Info.plist */ = {isa = PBXFileReference; lastKnownFileType = text.plist.xml; path = Info.plist; sourceTree = "<group>"; };
		54757AF9239A58220048A732 /* UPNCalculatorTests.xctest */ = {isa = PBXFileReference; explicitFileType = wrapper.cfbundle; includeInIndex = 0; path = UPNCalculatorTests.xctest; sourceTree = BUILT_PRODUCTS_DIR; };
		54757AFD239A58220048A732 /* UPNCalculatorTests.swift */ = {isa = PBXFileReference; lastKnownFileType = sourcecode.swift; path = UPNCalculatorTests.swift; sourceTree = "<group>"; };
		54757AFF239A58220048A732 /* Info.plist */ = {isa = PBXFileReference; lastKnownFileType = text.plist.xml; path = Info.plist; sourceTree = "<group>"; };
		54757B04239A58220048A732 /* UPNCalculatorUITests.xctest */ = {isa = PBXFileReference; explicitFileType = wrapper.cfbundle; includeInIndex = 0; path = UPNCalculatorUITests.xctest; sourceTree = BUILT_PRODUCTS_DIR; };
		54757B08239A58220048A732 /* UPNCalculatorUITests.swift */ = {isa = PBXFileReference; lastKnownFileType = sourcecode.swift; path = UPNCalculatorUITests.swift; sourceTree = "<group>"; };
		54757B0A239A58220048A732 /* Info.plist */ = {isa = PBXFileReference; lastKnownFileType = text.plist.xml; path = Info.plist; sourceTree = "<group>"; };
		54757B16239A58460048A732 /* TODO.md */ = {isa = PBXFileReference; lastKnownFileType = net.daringfireball.markdown; path = TODO.md; sourceTree = "<group>"; };
/* End PBXFileReference section */

/* Begin PBXFrameworksBuildPhase section */
		54757AE0239A58200048A732 /* Frameworks */ = {
			isa = PBXFrameworksBuildPhase;
			buildActionMask = 2147483647;
			files = (
			);
			runOnlyForDeploymentPostprocessing = 0;
		};
		54757AF6239A58220048A732 /* Frameworks */ = {
			isa = PBXFrameworksBuildPhase;
			buildActionMask = 2147483647;
			files = (
			);
			runOnlyForDeploymentPostprocessing = 0;
		};
		54757B01239A58220048A732 /* Frameworks */ = {
			isa = PBXFrameworksBuildPhase;
			buildActionMask = 2147483647;
			files = (
			);
			runOnlyForDeploymentPostprocessing = 0;
		};
/* End PBXFrameworksBuildPhase section */

/* Begin PBXGroup section */
		54757ADA239A58200048A732 = {
			isa = PBXGroup;
			children = (
				54757B16239A58460048A732 /* TODO.md */,
				54757AE5239A58200048A732 /* UPNCalculator */,
				54757AFC239A58220048A732 /* UPNCalculatorTests */,
				54757B07239A58220048A732 /* UPNCalculatorUITests */,
				54757AE4239A58200048A732 /* Products */,
			);
			sourceTree = "<group>";
		};
		54757AE4239A58200048A732 /* Products */ = {
			isa = PBXGroup;
			children = (
				54757AE3239A58200048A732 /* UPNCalculator.app */,
				54757AF9239A58220048A732 /* UPNCalculatorTests.xctest */,
				54757B04239A58220048A732 /* UPNCalculatorUITests.xctest */,
			);
			name = Products;
			sourceTree = "<group>";
		};
		54757AE5239A58200048A732 /* UPNCalculator */ = {
			isa = PBXGroup;
			children = (
				54757B18239A59030048A732 /* Controller */,
				54757B17239A58FE0048A732 /* Model */,
				54757AE6239A58200048A732 /* AppDelegate.swift */,
				54757AE8239A58200048A732 /* SceneDelegate.swift */,
				54757AEA239A58200048A732 /* ViewController.swift */,
				54757AEC239A58200048A732 /* Main.storyboard */,
				54757AEF239A58210048A732 /* Assets.xcassets */,
				54757AF1239A58210048A732 /* LaunchScreen.storyboard */,
				54757AF4239A58210048A732 /* Info.plist */,
			);
			path = UPNCalculator;
			sourceTree = "<group>";
		};
		54757AFC239A58220048A732 /* UPNCalculatorTests */ = {
			isa = PBXGroup;
			children = (
				54757B1A239A59100048A732 /* Controller */,
				54757B19239A590B0048A732 /* Model */,
				54757AFD239A58220048A732 /* UPNCalculatorTests.swift */,
				54757AFF239A58220048A732 /* Info.plist */,
			);
			path = UPNCalculatorTests;
			sourceTree = "<group>";
		};
		54757B07239A58220048A732 /* UPNCalculatorUITests */ = {
			isa = PBXGroup;
			children = (
				54757B08239A58220048A732 /* UPNCalculatorUITests.swift */,
				54757B0A239A58220048A732 /* Info.plist */,
			);
			path = UPNCalculatorUITests;
			sourceTree = "<group>";
		};
		54757B17239A58FE0048A732 /* Model */ = {
			isa = PBXGroup;
			children = (
			);
			path = Model;
			sourceTree = "<group>";
		};
		54757B18239A59030048A732 /* Controller */ = {
			isa = PBXGroup;
			children = (
			);
			path = Controller;
			sourceTree = "<group>";
		};
		54757B19239A590B0048A732 /* Model */ = {
			isa = PBXGroup;
			children = (
			);
			path = Model;
			sourceTree = "<group>";
		};
		54757B1A239A59100048A732 /* Controller */ = {
			isa = PBXGroup;
			children = (
			);
			path = Controller;
			sourceTree = "<group>";
		};
/* End PBXGroup section */

/* Begin PBXNativeTarget section */
		54757AE2239A58200048A732 /* UPNCalculator */ = {
			isa = PBXNativeTarget;
			buildConfigurationList = 54757B0D239A58220048A732 /* Build configuration list for PBXNativeTarget "UPNCalculator" */;
			buildPhases = (
				54757ADF239A58200048A732 /* Sources */,
				54757AE0239A58200048A732 /* Frameworks */,
				54757AE1239A58200048A732 /* Resources */,
			);
			buildRules = (
			);
			dependencies = (
			);
			name = UPNCalculator;
			productName = UPNCalculator;
			productReference = 54757AE3239A58200048A732 /* UPNCalculator.app */;
			productType = "com.apple.product-type.application";
		};
		54757AF8239A58220048A732 /* UPNCalculatorTests */ = {
			isa = PBXNativeTarget;
			buildConfigurationList = 54757B10239A58220048A732 /* Build configuration list for PBXNativeTarget "UPNCalculatorTests" */;
			buildPhases = (
				54757AF5239A58220048A732 /* Sources */,
				54757AF6239A58220048A732 /* Frameworks */,
				54757AF7239A58220048A732 /* Resources */,
			);
			buildRules = (
			);
			dependencies = (
				54757AFB239A58220048A732 /* PBXTargetDependency */,
			);
			name = UPNCalculatorTests;
			productName = UPNCalculatorTests;
			productReference = 54757AF9239A58220048A732 /* UPNCalculatorTests.xctest */;
			productType = "com.apple.product-type.bundle.unit-test";
		};
		54757B03239A58220048A732 /* UPNCalculatorUITests */ = {
			isa = PBXNativeTarget;
			buildConfigurationList = 54757B13239A58220048A732 /* Build configuration list for PBXNativeTarget "UPNCalculatorUITests" */;
			buildPhases = (
				54757B00239A58220048A732 /* Sources */,
				54757B01239A58220048A732 /* Frameworks */,
				54757B02239A58220048A732 /* Resources */,
			);
			buildRules = (
			);
			dependencies = (
				54757B06239A58220048A732 /* PBXTargetDependency */,
			);
			name = UPNCalculatorUITests;
			productName = UPNCalculatorUITests;
			productReference = 54757B04239A58220048A732 /* UPNCalculatorUITests.xctest */;
			productType = "com.apple.product-type.bundle.ui-testing";
		};
/* End PBXNativeTarget section */

/* Begin PBXProject section */
		54757ADB239A58200048A732 /* Project object */ = {
			isa = PBXProject;
			attributes = {
				LastSwiftUpdateCheck = 1120;
				LastUpgradeCheck = 1120;
				ORGANIZATIONNAME = holgermayer;
				TargetAttributes = {
					54757AE2239A58200048A732 = {
						CreatedOnToolsVersion = 11.2.1;
					};
					54757AF8239A58220048A732 = {
						CreatedOnToolsVersion = 11.2.1;
						TestTargetID = 54757AE2239A58200048A732;
					};
					54757B03239A58220048A732 = {
						CreatedOnToolsVersion = 11.2.1;
						TestTargetID = 54757AE2239A58200048A732;
					};
				};
			};
			buildConfigurationList = 54757ADE239A58200048A732 /* Build configuration list for PBXProject "UPNCalculator" */;
			compatibilityVersion = "Xcode 9.3";
			developmentRegion = en;
			hasScannedForEncodings = 0;
			knownRegions = (
				en,
				Base,
			);
			mainGroup = 54757ADA239A58200048A732;
			productRefGroup = 54757AE4239A58200048A732 /* Products */;
			projectDirPath = "";
			projectRoot = "";
			targets = (
				54757AE2239A58200048A732 /* UPNCalculator */,
				54757AF8239A58220048A732 /* UPNCalculatorTests */,
				54757B03239A58220048A732 /* UPNCalculatorUITests */,
			);
		};
/* End PBXProject section */

/* Begin PBXResourcesBuildPhase section */
		54757AE1239A58200048A732 /* Resources */ = {
			isa = PBXResourcesBuildPhase;
			buildActionMask = 2147483647;
			files = (
				54757AF3239A58210048A732 /* LaunchScreen.storyboard in Resources */,
				54757AF0239A58210048A732 /* Assets.xcassets in Resources */,
				54757AEE239A58200048A732 /* Main.storyboard in Resources */,
			);
			runOnlyForDeploymentPostprocessing = 0;
		};
		54757AF7239A58220048A732 /* Resources */ = {
			isa = PBXResourcesBuildPhase;
			buildActionMask = 2147483647;
			files = (
			);
			runOnlyForDeploymentPostprocessing = 0;
		};
		54757B02239A58220048A732 /* Resources */ = {
			isa = PBXResourcesBuildPhase;
			buildActionMask = 2147483647;
			files = (
			);
			runOnlyForDeploymentPostprocessing = 0;
		};
/* End PBXResourcesBuildPhase section */

/* Begin PBXSourcesBuildPhase section */
		54757ADF239A58200048A732 /* Sources */ = {
			isa = PBXSourcesBuildPhase;
			buildActionMask = 2147483647;
			files = (
				54757AEB239A58200048A732 /* ViewController.swift in Sources */,
				54757AE7239A58200048A732 /* AppDelegate.swift in Sources */,
				54757AE9239A58200048A732 /* SceneDelegate.swift in Sources */,
			);
			runOnlyForDeploymentPostprocessing = 0;
		};
		54757AF5239A58220048A732 /* Sources */ = {
			isa = PBXSourcesBuildPhase;
			buildActionMask = 2147483647;
			files = (
				54757AFE239A58220048A732 /* UPNCalculatorTests.swift in Sources */,
			);
			runOnlyForDeploymentPostprocessing = 0;
		};
		54757B00239A58220048A732 /* Sources */ = {
			isa = PBXSourcesBuildPhase;
			buildActionMask = 2147483647;
			files = (
				54757B09239A58220048A732 /* UPNCalculatorUITests.swift in Sources */,
			);
			runOnlyForDeploymentPostprocessing = 0;
		};
/* End PBXSourcesBuildPhase section */

/* Begin PBXTargetDependency section */
		54757AFB239A58220048A732 /* PBXTargetDependency */ = {
			isa = PBXTargetDependency;
			target = 54757AE2239A58200048A732 /* UPNCalculator */;
			targetProxy = 54757AFA239A58220048A732 /* PBXContainerItemProxy */;
		};
		54757B06239A58220048A732 /* PBXTargetDependency */ = {
			isa = PBXTargetDependency;
			target = 54757AE2239A58200048A732 /* UPNCalculator */;
			targetProxy = 54757B05239A58220048A732 /* PBXContainerItemProxy */;
		};
/* End PBXTargetDependency section */

/* Begin PBXVariantGroup section */
		54757AEC239A58200048A732 /* Main.storyboard */ = {
			isa = PBXVariantGroup;
			children = (
				54757AED239A58200048A732 /* Base */,
			);
			name = Main.storyboard;
			sourceTree = "<group>";
		};
		54757AF1239A58210048A732 /* LaunchScreen.storyboard */ = {
			isa = PBXVariantGroup;
			children = (
				54757AF2239A58210048A732 /* Base */,
			);
			name = LaunchScreen.storyboard;
			sourceTree = "<group>";
		};
/* End PBXVariantGroup section */

/* Begin XCBuildConfiguration section */
		54757B0B239A58220048A732 /* Debug */ = {
			isa = XCBuildConfiguration;
			buildSettings = {
				ALWAYS_SEARCH_USER_PATHS = NO;
				CLANG_ANALYZER_NONNULL = YES;
				CLANG_ANALYZER_NUMBER_OBJECT_CONVERSION = YES_AGGRESSIVE;
				CLANG_CXX_LANGUAGE_STANDARD = "gnu++14";
				CLANG_CXX_LIBRARY = "libc++";
				CLANG_ENABLE_MODULES = YES;
				CLANG_ENABLE_OBJC_ARC = YES;
				CLANG_ENABLE_OBJC_WEAK = YES;
				CLANG_WARN_BLOCK_CAPTURE_AUTORELEASING = YES;
				CLANG_WARN_BOOL_CONVERSION = YES;
				CLANG_WARN_COMMA = YES;
				CLANG_WARN_CONSTANT_CONVERSION = YES;
				CLANG_WARN_DEPRECATED_OBJC_IMPLEMENTATIONS = YES;
				CLANG_WARN_DIRECT_OBJC_ISA_USAGE = YES_ERROR;
				CLANG_WARN_DOCUMENTATION_COMMENTS = YES;
				CLANG_WARN_EMPTY_BODY = YES;
				CLANG_WARN_ENUM_CONVERSION = YES;
				CLANG_WARN_INFINITE_RECURSION = YES;
				CLANG_WARN_INT_CONVERSION = YES;
				CLANG_WARN_NON_LITERAL_NULL_CONVERSION = YES;
				CLANG_WARN_OBJC_IMPLICIT_RETAIN_SELF = YES;
				CLANG_WARN_OBJC_LITERAL_CONVERSION = YES;
				CLANG_WARN_OBJC_ROOT_CLASS = YES_ERROR;
				CLANG_WARN_RANGE_LOOP_ANALYSIS = YES;
				CLANG_WARN_STRICT_PROTOTYPES = YES;
				CLANG_WARN_SUSPICIOUS_MOVE = YES;
				CLANG_WARN_UNGUARDED_AVAILABILITY = YES_AGGRESSIVE;
				CLANG_WARN_UNREACHABLE_CODE = YES;
				CLANG_WARN__DUPLICATE_METHOD_MATCH = YES;
				COPY_PHASE_STRIP = NO;
				DEBUG_INFORMATION_FORMAT = dwarf;
				ENABLE_STRICT_OBJC_MSGSEND = YES;
				ENABLE_TESTABILITY = YES;
				GCC_C_LANGUAGE_STANDARD = gnu11;
				GCC_DYNAMIC_NO_PIC = NO;
				GCC_NO_COMMON_BLOCKS = YES;
				GCC_OPTIMIZATION_LEVEL = 0;
				GCC_PREPROCESSOR_DEFINITIONS = (
					"DEBUG=1",
					"$(inherited)",
				);
				GCC_WARN_64_TO_32_BIT_CONVERSION = YES;
				GCC_WARN_ABOUT_RETURN_TYPE = YES_ERROR;
				GCC_WARN_UNDECLARED_SELECTOR = YES;
				GCC_WARN_UNINITIALIZED_AUTOS = YES_AGGRESSIVE;
				GCC_WARN_UNUSED_FUNCTION = YES;
				GCC_WARN_UNUSED_VARIABLE = YES;
				IPHONEOS_DEPLOYMENT_TARGET = 13.2;
				MTL_ENABLE_DEBUG_INFO = INCLUDE_SOURCE;
				MTL_FAST_MATH = YES;
				ONLY_ACTIVE_ARCH = YES;
				SDKROOT = iphoneos;
				SWIFT_ACTIVE_COMPILATION_CONDITIONS = DEBUG;
				SWIFT_OPTIMIZATION_LEVEL = "-Onone";
			};
			name = Debug;
		};
		54757B0C239A58220048A732 /* Release */ = {
			isa = XCBuildConfiguration;
			buildSettings = {
				ALWAYS_SEARCH_USER_PATHS = NO;
				CLANG_ANALYZER_NONNULL = YES;
				CLANG_ANALYZER_NUMBER_OBJECT_CONVERSION = YES_AGGRESSIVE;
				CLANG_CXX_LANGUAGE_STANDARD = "gnu++14";
				CLANG_CXX_LIBRARY = "libc++";
				CLANG_ENABLE_MODULES = YES;
				CLANG_ENABLE_OBJC_ARC = YES;
				CLANG_ENABLE_OBJC_WEAK = YES;
				CLANG_WARN_BLOCK_CAPTURE_AUTORELEASING = YES;
				CLANG_WARN_BOOL_CONVERSION = YES;
				CLANG_WARN_COMMA = YES;
				CLANG_WARN_CONSTANT_CONVERSION = YES;
				CLANG_WARN_DEPRECATED_OBJC_IMPLEMENTATIONS = YES;
				CLANG_WARN_DIRECT_OBJC_ISA_USAGE = YES_ERROR;
				CLANG_WARN_DOCUMENTATION_COMMENTS = YES;
				CLANG_WARN_EMPTY_BODY = YES;
				CLANG_WARN_ENUM_CONVERSION = YES;
				CLANG_WARN_INFINITE_RECURSION = YES;
				CLANG_WARN_INT_CONVERSION = YES;
				CLANG_WARN_NON_LITERAL_NULL_CONVERSION = YES;
				CLANG_WARN_OBJC_IMPLICIT_RETAIN_SELF = YES;
				CLANG_WARN_OBJC_LITERAL_CONVERSION = YES;
				CLANG_WARN_OBJC_ROOT_CLASS = YES_ERROR;
				CLANG_WARN_RANGE_LOOP_ANALYSIS = YES;
				CLANG_WARN_STRICT_PROTOTYPES = YES;
				CLANG_WARN_SUSPICIOUS_MOVE = YES;
				CLANG_WARN_UNGUARDED_AVAILABILITY = YES_AGGRESSIVE;
				CLANG_WARN_UNREACHABLE_CODE = YES;
				CLANG_WARN__DUPLICATE_METHOD_MATCH = YES;
				COPY_PHASE_STRIP = NO;
				DEBUG_INFORMATION_FORMAT = "dwarf-with-dsym";
				ENABLE_NS_ASSERTIONS = NO;
				ENABLE_STRICT_OBJC_MSGSEND = YES;
				GCC_C_LANGUAGE_STANDARD = gnu11;
				GCC_NO_COMMON_BLOCKS = YES;
				GCC_WARN_64_TO_32_BIT_CONVERSION = YES;
				GCC_WARN_ABOUT_RETURN_TYPE = YES_ERROR;
				GCC_WARN_UNDECLARED_SELECTOR = YES;
				GCC_WARN_UNINITIALIZED_AUTOS = YES_AGGRESSIVE;
				GCC_WARN_UNUSED_FUNCTION = YES;
				GCC_WARN_UNUSED_VARIABLE = YES;
				IPHONEOS_DEPLOYMENT_TARGET = 13.2;
				MTL_ENABLE_DEBUG_INFO = NO;
				MTL_FAST_MATH = YES;
				SDKROOT = iphoneos;
				SWIFT_COMPILATION_MODE = wholemodule;
				SWIFT_OPTIMIZATION_LEVEL = "-O";
				VALIDATE_PRODUCT = YES;
			};
			name = Release;
		};
		54757B0E239A58220048A732 /* Debug */ = {
			isa = XCBuildConfiguration;
			buildSettings = {
				ASSETCATALOG_COMPILER_APPICON_NAME = AppIcon;
				CODE_SIGN_STYLE = Automatic;
				DEVELOPMENT_TEAM = ZTF477US4D;
				INFOPLIST_FILE = UPNCalculator/Info.plist;
				LD_RUNPATH_SEARCH_PATHS = (
					"$(inherited)",
					"@executable_path/Frameworks",
				);
				PRODUCT_BUNDLE_IDENTIFIER = "de.h-mayer.UPNCalculator";
				PRODUCT_NAME = "$(TARGET_NAME)";
				SWIFT_VERSION = 5.0;
				TARGETED_DEVICE_FAMILY = "1,2";
			};
			name = Debug;
		};
		54757B0F239A58220048A732 /* Release */ = {
			isa = XCBuildConfiguration;
			buildSettings = {
				ASSETCATALOG_COMPILER_APPICON_NAME = AppIcon;
				CODE_SIGN_STYLE = Automatic;
				DEVELOPMENT_TEAM = ZTF477US4D;
				INFOPLIST_FILE = UPNCalculator/Info.plist;
				LD_RUNPATH_SEARCH_PATHS = (
					"$(inherited)",
					"@executable_path/Frameworks",
				);
				PRODUCT_BUNDLE_IDENTIFIER = "de.h-mayer.UPNCalculator";
				PRODUCT_NAME = "$(TARGET_NAME)";
				SWIFT_VERSION = 5.0;
				TARGETED_DEVICE_FAMILY = "1,2";
			};
			name = Release;
		};
		54757B11239A58220048A732 /* Debug */ = {
			isa = XCBuildConfiguration;
			buildSettings = {
				ALWAYS_EMBED_SWIFT_STANDARD_LIBRARIES = YES;
				BUNDLE_LOADER = "$(TEST_HOST)";
				CODE_SIGN_STYLE = Automatic;
				DEVELOPMENT_TEAM = ZTF477US4D;
				INFOPLIST_FILE = UPNCalculatorTests/Info.plist;
				IPHONEOS_DEPLOYMENT_TARGET = 13.2;
				LD_RUNPATH_SEARCH_PATHS = (
					"$(inherited)",
					"@executable_path/Frameworks",
					"@loader_path/Frameworks",
				);
				PRODUCT_BUNDLE_IDENTIFIER = "de.h-mayer.UPNCalculatorTests";
				PRODUCT_NAME = "$(TARGET_NAME)";
				SWIFT_VERSION = 5.0;
				TARGETED_DEVICE_FAMILY = "1,2";
				TEST_HOST = "$(BUILT_PRODUCTS_DIR)/UPNCalculator.app/UPNCalculator";
			};
			name = Debug;
		};
		54757B12239A58220048A732 /* Release */ = {
			isa = XCBuildConfiguration;
			buildSettings = {
				ALWAYS_EMBED_SWIFT_STANDARD_LIBRARIES = YES;
				BUNDLE_LOADER = "$(TEST_HOST)";
				CODE_SIGN_STYLE = Automatic;
				DEVELOPMENT_TEAM = ZTF477US4D;
				INFOPLIST_FILE = UPNCalculatorTests/Info.plist;
				IPHONEOS_DEPLOYMENT_TARGET = 13.2;
				LD_RUNPATH_SEARCH_PATHS = (
					"$(inherited)",
					"@executable_path/Frameworks",
					"@loader_path/Frameworks",
				);
				PRODUCT_BUNDLE_IDENTIFIER = "de.h-mayer.UPNCalculatorTests";
				PRODUCT_NAME = "$(TARGET_NAME)";
				SWIFT_VERSION = 5.0;
				TARGETED_DEVICE_FAMILY = "1,2";
				TEST_HOST = "$(BUILT_PRODUCTS_DIR)/UPNCalculator.app/UPNCalculator";
			};
			name = Release;
		};
		54757B14239A58220048A732 /* Debug */ = {
			isa = XCBuildConfiguration;
			buildSettings = {
				ALWAYS_EMBED_SWIFT_STANDARD_LIBRARIES = YES;
				CODE_SIGN_STYLE = Automatic;
				DEVELOPMENT_TEAM = ZTF477US4D;
				INFOPLIST_FILE = UPNCalculatorUITests/Info.plist;
				LD_RUNPATH_SEARCH_PATHS = (
					"$(inherited)",
					"@executable_path/Frameworks",
					"@loader_path/Frameworks",
				);
				PRODUCT_BUNDLE_IDENTIFIER = "de.h-mayer.UPNCalculatorUITests";
				PRODUCT_NAME = "$(TARGET_NAME)";
				SWIFT_VERSION = 5.0;
				TARGETED_DEVICE_FAMILY = "1,2";
				TEST_TARGET_NAME = UPNCalculator;
			};
			name = Debug;
		};
		54757B15239A58220048A732 /* Release */ = {
			isa = XCBuildConfiguration;
			buildSettings = {
				ALWAYS_EMBED_SWIFT_STANDARD_LIBRARIES = YES;
				CODE_SIGN_STYLE = Automatic;
				DEVELOPMENT_TEAM = ZTF477US4D;
				INFOPLIST_FILE = UPNCalculatorUITests/Info.plist;
				LD_RUNPATH_SEARCH_PATHS = (
					"$(inherited)",
					"@executable_path/Frameworks",
					"@loader_path/Frameworks",
				);
				PRODUCT_BUNDLE_IDENTIFIER = "de.h-mayer.UPNCalculatorUITests";
				PRODUCT_NAME = "$(TARGET_NAME)";
				SWIFT_VERSION = 5.0;
				TARGETED_DEVICE_FAMILY = "1,2";
				TEST_TARGET_NAME = UPNCalculator;
			};
			name = Release;
		};
/* End XCBuildConfiguration section */

/* Begin XCConfigurationList section */
		54757ADE239A58200048A732 /* Build configuration list for PBXProject "UPNCalculator" */ = {
			isa = XCConfigurationList;
			buildConfigurations = (
				54757B0B239A58220048A732 /* Debug */,
				54757B0C239A58220048A732 /* Release */,
			);
			defaultConfigurationIsVisible = 0;
			defaultConfigurationName = Release;
		};
		54757B0D239A58220048A732 /* Build configuration list for PBXNativeTarget "UPNCalculator" */ = {
			isa = XCConfigurationList;
			buildConfigurations = (
				54757B0E239A58220048A732 /* Debug */,
				54757B0F239A58220048A732 /* Release */,
			);
			defaultConfigurationIsVisible = 0;
			defaultConfigurationName = Release;
		};
		54757B10239A58220048A732 /* Build configuration list for PBXNativeTarget "UPNCalculatorTests" */ = {
			isa = XCConfigurationList;
			buildConfigurations = (
				54757B11239A58220048A732 /* Debug */,
				54757B12239A58220048A732 /* Release */,
			);
			defaultConfigurationIsVisible = 0;
			defaultConfigurationName = Release;
		};
		54757B13239A58220048A732 /* Build configuration list for PBXNativeTarget "UPNCalculatorUITests" */ = {
			isa = XCConfigurationList;
			buildConfigurations = (
				54757B14239A58220048A732 /* Debug */,
				54757B15239A58220048A732 /* Release */,
			);
			defaultConfigurationIsVisible = 0;
			defaultConfigurationName = Release;
		};
/* End XCConfigurationList section */
	};
	rootObject = 54757ADB239A58200048A732 /* Project object */;
}
