// !$*UTF8*$!
{
	archiveVersion = 1;
	classes = {
	};
	objectVersion = 50;
	objects = {

/* Begin PBXBuildFile section */
		544F8AF723A3A56100C58A42 /* EnterCommandTests.swift in Sources */ = {isa = PBXBuildFile; fileRef = 544F8AF623A3A56100C58A42 /* EnterCommandTests.swift */; };
		545C93D723A1148000CD3156 /* CalculatorDisplayTests.swift in Sources */ = {isa = PBXBuildFile; fileRef = 545C93D623A1148000CD3156 /* CalculatorDisplayTests.swift */; };
		545C93D923A13A6400CD3156 /* AddCommandTests.swift in Sources */ = {isa = PBXBuildFile; fileRef = 545C93D823A13A6400CD3156 /* AddCommandTests.swift */; };
		54699F8723A248F700373D98 /* SubtractCommandTests.swift in Sources */ = {isa = PBXBuildFile; fileRef = 54699F8623A248F700373D98 /* SubtractCommandTests.swift */; };
		54699F8923A2497C00373D98 /* MultiplyCommandTests.swift in Sources */ = {isa = PBXBuildFile; fileRef = 54699F8823A2497C00373D98 /* MultiplyCommandTests.swift */; };
		54699F8B23A249EA00373D98 /* DivideCommandTests.swift in Sources */ = {isa = PBXBuildFile; fileRef = 54699F8A23A249EA00373D98 /* DivideCommandTests.swift */; };
		54699F8D23A24FEE00373D98 /* DigitDotCommandTests.swift in Sources */ = {isa = PBXBuildFile; fileRef = 54699F8C23A24FEE00373D98 /* DigitDotCommandTests.swift */; };
		54757AE7239A58200048A732 /* AppDelegate.swift in Sources */ = {isa = PBXBuildFile; fileRef = 54757AE6239A58200048A732 /* AppDelegate.swift */; };
		54757AE9239A58200048A732 /* SceneDelegate.swift in Sources */ = {isa = PBXBuildFile; fileRef = 54757AE8239A58200048A732 /* SceneDelegate.swift */; };
		54757AEB239A58200048A732 /* ViewController.swift in Sources */ = {isa = PBXBuildFile; fileRef = 54757AEA239A58200048A732 /* ViewController.swift */; };
		54757AEE239A58200048A732 /* Main.storyboard in Resources */ = {isa = PBXBuildFile; fileRef = 54757AEC239A58200048A732 /* Main.storyboard */; };
		54757AF0239A58210048A732 /* Assets.xcassets in Resources */ = {isa = PBXBuildFile; fileRef = 54757AEF239A58210048A732 /* Assets.xcassets */; };
		54757AF3239A58210048A732 /* LaunchScreen.storyboard in Resources */ = {isa = PBXBuildFile; fileRef = 54757AF1239A58210048A732 /* LaunchScreen.storyboard */; };
		54757B09239A58220048A732 /* UPNCalculatorUITests.swift in Sources */ = {isa = PBXBuildFile; fileRef = 54757B08239A58220048A732 /* UPNCalculatorUITests.swift */; };
		54757B1C239A5C6E0048A732 /* UPNEngineTests.swift in Sources */ = {isa = PBXBuildFile; fileRef = 54757B1B239A5C6E0048A732 /* UPNEngineTests.swift */; };
		54757B1E239A5CBD0048A732 /* UPNEngine.swift in Sources */ = {isa = PBXBuildFile; fileRef = 54757B1D239A5CBD0048A732 /* UPNEngine.swift */; };
		54757B20239A5E660048A732 /* StackTests.swift in Sources */ = {isa = PBXBuildFile; fileRef = 54757B1F239A5E660048A732 /* StackTests.swift */; };
		54757B22239A5EB10048A732 /* Stack.swift in Sources */ = {isa = PBXBuildFile; fileRef = 54757B21239A5EB10048A732 /* Stack.swift */; };
		5497C94D23A0E9A300FF7696 /* ClearCommand.swift in Sources */ = {isa = PBXBuildFile; fileRef = 5497C94C23A0E9A300FF7696 /* ClearCommand.swift */; };
		5497C94F23A0E9BB00FF7696 /* ChangeSignCommand.swift in Sources */ = {isa = PBXBuildFile; fileRef = 5497C94E23A0E9BB00FF7696 /* ChangeSignCommand.swift */; };
		5497C95123A0EDBF00FF7696 /* KeyboardState.swift in Sources */ = {isa = PBXBuildFile; fileRef = 5497C95023A0EDBF00FF7696 /* KeyboardState.swift */; };
		54B656DF23A4DC85004E6E7D /* SineCommandTests.swift in Sources */ = {isa = PBXBuildFile; fileRef = 54B656DE23A4DC85004E6E7D /* SineCommandTests.swift */; };
		54B656E123A4DE4F004E6E7D /* CosineCommandTests.swift in Sources */ = {isa = PBXBuildFile; fileRef = 54B656E023A4DE4F004E6E7D /* CosineCommandTests.swift */; };
		54B656E323A4DFF4004E6E7D /* TangentCommandTests.swift in Sources */ = {isa = PBXBuildFile; fileRef = 54B656E223A4DFF4004E6E7D /* TangentCommandTests.swift */; };
		54B656E523A4E0AD004E6E7D /* SquareRootCommandTests.swift in Sources */ = {isa = PBXBuildFile; fileRef = 54B656E423A4E0AD004E6E7D /* SquareRootCommandTests.swift */; };
		54B656E723A4E14C004E6E7D /* DivideOneByXCommandTests.swift in Sources */ = {isa = PBXBuildFile; fileRef = 54B656E623A4E14C004E6E7D /* DivideOneByXCommandTests.swift */; };
		54B656E923A4E1E1004E6E7D /* ClearCommandTests.swift in Sources */ = {isa = PBXBuildFile; fileRef = 54B656E823A4E1E1004E6E7D /* ClearCommandTests.swift */; };
		54B656EB23A4E2DD004E6E7D /* ChangeSignCommandTests.swift in Sources */ = {isa = PBXBuildFile; fileRef = 54B656EA23A4E2DD004E6E7D /* ChangeSignCommandTests.swift */; };
		54B656ED23A4E3CA004E6E7D /* TODO in Resources */ = {isa = PBXBuildFile; fileRef = 54B656EC23A4E3CA004E6E7D /* TODO */; };
		54B76C2523A8CEFA00600BDC /* AbsCommand.swift in Sources */ = {isa = PBXBuildFile; fileRef = 54B76C2423A8CEFA00600BDC /* AbsCommand.swift */; };
		54B76C2923A8D1C600600BDC /* LastXCommand.swift in Sources */ = {isa = PBXBuildFile; fileRef = 54B76C2823A8D1C500600BDC /* LastXCommand.swift */; };
		54B76C2B23A8D25700600BDC /* LastXCommandTests.swift in Sources */ = {isa = PBXBuildFile; fileRef = 54B76C2A23A8D25700600BDC /* LastXCommandTests.swift */; };
		54B76C2D23A8D26300600BDC /* AbsCommandTests.swift in Sources */ = {isa = PBXBuildFile; fileRef = 54B76C2C23A8D26300600BDC /* AbsCommandTests.swift */; };
		54D17F77239C4660008F5020 /* Command.swift in Sources */ = {isa = PBXBuildFile; fileRef = 54D17F76239C4660008F5020 /* Command.swift */; };
		54D17F79239C46C4008F5020 /* EnterCommand.swift in Sources */ = {isa = PBXBuildFile; fileRef = 54D17F78239C46C4008F5020 /* EnterCommand.swift */; };
		54D17F80239C52E3008F5020 /* Display.swift in Sources */ = {isa = PBXBuildFile; fileRef = 54D17F7F239C52E2008F5020 /* Display.swift */; };
		54D17F82239C5752008F5020 /* CalculatorDisplay.swift in Sources */ = {isa = PBXBuildFile; fileRef = 54D17F81239C5752008F5020 /* CalculatorDisplay.swift */; };
		54D17F84239C59FE008F5020 /* DigitDotCommand.swift in Sources */ = {isa = PBXBuildFile; fileRef = 54D17F83239C59FE008F5020 /* DigitDotCommand.swift */; };
		54D17F86239C5C0E008F5020 /* CalculationCommand.swift in Sources */ = {isa = PBXBuildFile; fileRef = 54D17F85239C5C0E008F5020 /* CalculationCommand.swift */; };
		54D17F88239C5DDB008F5020 /* AddCommand.swift in Sources */ = {isa = PBXBuildFile; fileRef = 54D17F87239C5DDB008F5020 /* AddCommand.swift */; };
		54D17F8A239C5F5B008F5020 /* SubtractCommand.swift in Sources */ = {isa = PBXBuildFile; fileRef = 54D17F89239C5F5B008F5020 /* SubtractCommand.swift */; };
		54D17F8C239C5F8C008F5020 /* MultiplyCommand.swift in Sources */ = {isa = PBXBuildFile; fileRef = 54D17F8B239C5F8C008F5020 /* MultiplyCommand.swift */; };
		54D17F8E239C5FA6008F5020 /* DivideCommand.swift in Sources */ = {isa = PBXBuildFile; fileRef = 54D17F8D239C5FA6008F5020 /* DivideCommand.swift */; };
		54D17F90239C6545008F5020 /* SineCommand.swift in Sources */ = {isa = PBXBuildFile; fileRef = 54D17F8F239C6545008F5020 /* SineCommand.swift */; };
		54D17F92239C658F008F5020 /* CosineCommand.swift in Sources */ = {isa = PBXBuildFile; fileRef = 54D17F91239C658F008F5020 /* CosineCommand.swift */; };
		54D17F94239C65C7008F5020 /* TangentCommand.swift in Sources */ = {isa = PBXBuildFile; fileRef = 54D17F93239C65C7008F5020 /* TangentCommand.swift */; };
		54D17F96239C693B008F5020 /* SquareRootCommand.swift in Sources */ = {isa = PBXBuildFile; fileRef = 54D17F95239C693B008F5020 /* SquareRootCommand.swift */; };
		54D17F98239C6A74008F5020 /* DivideOneByXCommand.swift in Sources */ = {isa = PBXBuildFile; fileRef = 54D17F97239C6A74008F5020 /* DivideOneByXCommand.swift */; };
		54E03795239A7FF200B30EFB /* ViewControllerTests.swift in Sources */ = {isa = PBXBuildFile; fileRef = 54E03794239A7FF200B30EFB /* ViewControllerTests.swift */; };
		54E769D523A586C400165EDC /* ASineCommand.swift in Sources */ = {isa = PBXBuildFile; fileRef = 54E769D423A586C400165EDC /* ASineCommand.swift */; };
		54E769D723A586EC00165EDC /* ACosineCommand.swift in Sources */ = {isa = PBXBuildFile; fileRef = 54E769D623A586EC00165EDC /* ACosineCommand.swift */; };
		54E769D923A5871D00165EDC /* ATangentCommand.swift in Sources */ = {isa = PBXBuildFile; fileRef = 54E769D823A5871D00165EDC /* ATangentCommand.swift */; };
		54E769DB23A5875100165EDC /* PowCommand.swift in Sources */ = {isa = PBXBuildFile; fileRef = 54E769DA23A5875100165EDC /* PowCommand.swift */; };
		54E769DD23A5877400165EDC /* ASineCommandTests.swift in Sources */ = {isa = PBXBuildFile; fileRef = 54E769DC23A5877400165EDC /* ASineCommandTests.swift */; };
		54E769DF23A587FA00165EDC /* ACosineCommandTests.swift in Sources */ = {isa = PBXBuildFile; fileRef = 54E769DE23A587FA00165EDC /* ACosineCommandTests.swift */; };
		54E769E123A5885700165EDC /* ATangentCommandTests.swift in Sources */ = {isa = PBXBuildFile; fileRef = 54E769E023A5885700165EDC /* ATangentCommandTests.swift */; };
		54E769E323A588BD00165EDC /* PowCommandTests.swift in Sources */ = {isa = PBXBuildFile; fileRef = 54E769E223A588BD00165EDC /* PowCommandTests.swift */; };
		54E769E523A5BB5A00165EDC /* ExpCommand.swift in Sources */ = {isa = PBXBuildFile; fileRef = 54E769E423A5BB5A00165EDC /* ExpCommand.swift */; };
		54E769E723A5BB8E00165EDC /* ExpCommandTests.swift in Sources */ = {isa = PBXBuildFile; fileRef = 54E769E623A5BB8E00165EDC /* ExpCommandTests.swift */; };
		54E769E923A5BC2900165EDC /* LogCommand.swift in Sources */ = {isa = PBXBuildFile; fileRef = 54E769E823A5BC2900165EDC /* LogCommand.swift */; };
		54E769EB23A5BC5400165EDC /* Log10Command.swift in Sources */ = {isa = PBXBuildFile; fileRef = 54E769EA23A5BC5400165EDC /* Log10Command.swift */; };
		54E769ED23A5BC8400165EDC /* LogCommandTests.swift in Sources */ = {isa = PBXBuildFile; fileRef = 54E769EC23A5BC8400165EDC /* LogCommandTests.swift */; };
		54E769EF23A5BC9100165EDC /* Log10CommandTests.swift in Sources */ = {isa = PBXBuildFile; fileRef = 54E769EE23A5BC9100165EDC /* Log10CommandTests.swift */; };
		54E769F123A5BDF300165EDC /* XOverTenCommand.swift in Sources */ = {isa = PBXBuildFile; fileRef = 54E769F023A5BDF300165EDC /* XOverTenCommand.swift */; };
		54E769F323A5BE4600165EDC /* XOverTenCommandTests.swift in Sources */ = {isa = PBXBuildFile; fileRef = 54E769F223A5BE4600165EDC /* XOverTenCommandTests.swift */; };
		54E769F723A5C03D00165EDC /* SquareXCommandTests.swift in Sources */ = {isa = PBXBuildFile; fileRef = 54E769F623A5C03D00165EDC /* SquareXCommandTests.swift */; };
		54E769FA23A5C32500165EDC /* SquareXCommand.swift in Sources */ = {isa = PBXBuildFile; fileRef = 54E769F923A5C32500165EDC /* SquareXCommand.swift */; };
		54E8146523A7EBCB002E583D /* PICommand.swift in Sources */ = {isa = PBXBuildFile; fileRef = 54E8146423A7EBCB002E583D /* PICommand.swift */; };
		54E8146723A7EFE1002E583D /* PICommandTests.swift in Sources */ = {isa = PBXBuildFile; fileRef = 54E8146623A7EFE1002E583D /* PICommandTests.swift */; };
		54E909E5239DC60700885AE2 /* UPNCommandFactory.swift in Sources */ = {isa = PBXBuildFile; fileRef = 54E909E4239DC60700885AE2 /* UPNCommandFactory.swift */; };
		54F491C723A0E39E001D0E45 /* CommandFactory.swift in Sources */ = {isa = PBXBuildFile; fileRef = 54F491C623A0E39E001D0E45 /* CommandFactory.swift */; };
		54F491C923A0E3B5001D0E45 /* CommandKey.swift in Sources */ = {isa = PBXBuildFile; fileRef = 54F491C823A0E3B5001D0E45 /* CommandKey.swift */; };
/* End PBXBuildFile section */

/* Begin PBXContainerItemProxy section */
		54757AFA239A58220048A732 /* PBXContainerItemProxy */ = {
			isa = PBXContainerItemProxy;
			containerPortal = 54757ADB239A58200048A732 /* Project object */;
			proxyType = 1;
			remoteGlobalIDString = 54757AE2239A58200048A732;
			remoteInfo = UPNCalculator;
		};
		54757B05239A58220048A732 /* PBXContainerItemProxy */ = {
			isa = PBXContainerItemProxy;
			containerPortal = 54757ADB239A58200048A732 /* Project object */;
			proxyType = 1;
			remoteGlobalIDString = 54757AE2239A58200048A732;
			remoteInfo = UPNCalculator;
		};
/* End PBXContainerItemProxy section */

/* Begin PBXFileReference section */
		544F8AF623A3A56100C58A42 /* EnterCommandTests.swift */ = {isa = PBXFileReference; lastKnownFileType = sourcecode.swift; path = EnterCommandTests.swift; sourceTree = "<group>"; };
		545C93D623A1148000CD3156 /* CalculatorDisplayTests.swift */ = {isa = PBXFileReference; lastKnownFileType = sourcecode.swift; path = CalculatorDisplayTests.swift; sourceTree = "<group>"; };
		545C93D823A13A6400CD3156 /* AddCommandTests.swift */ = {isa = PBXFileReference; lastKnownFileType = sourcecode.swift; path = AddCommandTests.swift; sourceTree = "<group>"; };
		54699F8623A248F700373D98 /* SubtractCommandTests.swift */ = {isa = PBXFileReference; lastKnownFileType = sourcecode.swift; path = SubtractCommandTests.swift; sourceTree = "<group>"; };
		54699F8823A2497C00373D98 /* MultiplyCommandTests.swift */ = {isa = PBXFileReference; lastKnownFileType = sourcecode.swift; path = MultiplyCommandTests.swift; sourceTree = "<group>"; };
		54699F8A23A249EA00373D98 /* DivideCommandTests.swift */ = {isa = PBXFileReference; lastKnownFileType = sourcecode.swift; path = DivideCommandTests.swift; sourceTree = "<group>"; };
		54699F8C23A24FEE00373D98 /* DigitDotCommandTests.swift */ = {isa = PBXFileReference; lastKnownFileType = sourcecode.swift; path = DigitDotCommandTests.swift; sourceTree = "<group>"; };
		54757AE3239A58200048A732 /* UPNCalculator.app */ = {isa = PBXFileReference; explicitFileType = wrapper.application; includeInIndex = 0; path = UPNCalculator.app; sourceTree = BUILT_PRODUCTS_DIR; };
		54757AE6239A58200048A732 /* AppDelegate.swift */ = {isa = PBXFileReference; lastKnownFileType = sourcecode.swift; path = AppDelegate.swift; sourceTree = "<group>"; };
		54757AE8239A58200048A732 /* SceneDelegate.swift */ = {isa = PBXFileReference; lastKnownFileType = sourcecode.swift; path = SceneDelegate.swift; sourceTree = "<group>"; };
		54757AEA239A58200048A732 /* ViewController.swift */ = {isa = PBXFileReference; lastKnownFileType = sourcecode.swift; path = ViewController.swift; sourceTree = "<group>"; };
		54757AED239A58200048A732 /* Base */ = {isa = PBXFileReference; lastKnownFileType = file.storyboard; name = Base; path = Base.lproj/Main.storyboard; sourceTree = "<group>"; };
		54757AEF239A58210048A732 /* Assets.xcassets */ = {isa = PBXFileReference; lastKnownFileType = folder.assetcatalog; path = Assets.xcassets; sourceTree = "<group>"; };
		54757AF2239A58210048A732 /* Base */ = {isa = PBXFileReference; lastKnownFileType = file.storyboard; name = Base; path = Base.lproj/LaunchScreen.storyboard; sourceTree = "<group>"; };
		54757AF4239A58210048A732 /* Info.plist */ = {isa = PBXFileReference; lastKnownFileType = text.plist.xml; path = Info.plist; sourceTree = "<group>"; };
		54757AF9239A58220048A732 /* UPNCalculatorTests.xctest */ = {isa = PBXFileReference; explicitFileType = wrapper.cfbundle; includeInIndex = 0; path = UPNCalculatorTests.xctest; sourceTree = BUILT_PRODUCTS_DIR; };
		54757AFF239A58220048A732 /* Info.plist */ = {isa = PBXFileReference; lastKnownFileType = text.plist.xml; path = Info.plist; sourceTree = "<group>"; };
		54757B04239A58220048A732 /* UPNCalculatorUITests.xctest */ = {isa = PBXFileReference; explicitFileType = wrapper.cfbundle; includeInIndex = 0; path = UPNCalculatorUITests.xctest; sourceTree = BUILT_PRODUCTS_DIR; };
		54757B08239A58220048A732 /* UPNCalculatorUITests.swift */ = {isa = PBXFileReference; lastKnownFileType = sourcecode.swift; path = UPNCalculatorUITests.swift; sourceTree = "<group>"; };
		54757B0A239A58220048A732 /* Info.plist */ = {isa = PBXFileReference; lastKnownFileType = text.plist.xml; path = Info.plist; sourceTree = "<group>"; };
		54757B1B239A5C6E0048A732 /* UPNEngineTests.swift */ = {isa = PBXFileReference; lastKnownFileType = sourcecode.swift; path = UPNEngineTests.swift; sourceTree = "<group>"; };
		54757B1D239A5CBD0048A732 /* UPNEngine.swift */ = {isa = PBXFileReference; lastKnownFileType = sourcecode.swift; path = UPNEngine.swift; sourceTree = "<group>"; };
		54757B1F239A5E660048A732 /* StackTests.swift */ = {isa = PBXFileReference; lastKnownFileType = sourcecode.swift; path = StackTests.swift; sourceTree = "<group>"; };
		54757B21239A5EB10048A732 /* Stack.swift */ = {isa = PBXFileReference; lastKnownFileType = sourcecode.swift; path = Stack.swift; sourceTree = "<group>"; };
		5497C94C23A0E9A300FF7696 /* ClearCommand.swift */ = {isa = PBXFileReference; lastKnownFileType = sourcecode.swift; path = ClearCommand.swift; sourceTree = "<group>"; };
		5497C94E23A0E9BB00FF7696 /* ChangeSignCommand.swift */ = {isa = PBXFileReference; lastKnownFileType = sourcecode.swift; path = ChangeSignCommand.swift; sourceTree = "<group>"; };
		5497C95023A0EDBF00FF7696 /* KeyboardState.swift */ = {isa = PBXFileReference; lastKnownFileType = sourcecode.swift; path = KeyboardState.swift; sourceTree = "<group>"; };
		54B656DE23A4DC85004E6E7D /* SineCommandTests.swift */ = {isa = PBXFileReference; lastKnownFileType = sourcecode.swift; path = SineCommandTests.swift; sourceTree = "<group>"; };
		54B656E023A4DE4F004E6E7D /* CosineCommandTests.swift */ = {isa = PBXFileReference; lastKnownFileType = sourcecode.swift; path = CosineCommandTests.swift; sourceTree = "<group>"; };
		54B656E223A4DFF4004E6E7D /* TangentCommandTests.swift */ = {isa = PBXFileReference; lastKnownFileType = sourcecode.swift; path = TangentCommandTests.swift; sourceTree = "<group>"; };
		54B656E423A4E0AD004E6E7D /* SquareRootCommandTests.swift */ = {isa = PBXFileReference; lastKnownFileType = sourcecode.swift; path = SquareRootCommandTests.swift; sourceTree = "<group>"; };
		54B656E623A4E14C004E6E7D /* DivideOneByXCommandTests.swift */ = {isa = PBXFileReference; lastKnownFileType = sourcecode.swift; path = DivideOneByXCommandTests.swift; sourceTree = "<group>"; };
		54B656E823A4E1E1004E6E7D /* ClearCommandTests.swift */ = {isa = PBXFileReference; lastKnownFileType = sourcecode.swift; path = ClearCommandTests.swift; sourceTree = "<group>"; };
		54B656EA23A4E2DD004E6E7D /* ChangeSignCommandTests.swift */ = {isa = PBXFileReference; lastKnownFileType = sourcecode.swift; path = ChangeSignCommandTests.swift; sourceTree = "<group>"; };
		54B656EC23A4E3CA004E6E7D /* TODO */ = {isa = PBXFileReference; lastKnownFileType = text; path = TODO; sourceTree = "<group>"; };
		54B76C2423A8CEFA00600BDC /* AbsCommand.swift */ = {isa = PBXFileReference; lastKnownFileType = sourcecode.swift; path = AbsCommand.swift; sourceTree = "<group>"; };
		54B76C2823A8D1C500600BDC /* LastXCommand.swift */ = {isa = PBXFileReference; lastKnownFileType = sourcecode.swift; path = LastXCommand.swift; sourceTree = "<group>"; };
		54B76C2A23A8D25700600BDC /* LastXCommandTests.swift */ = {isa = PBXFileReference; lastKnownFileType = sourcecode.swift; path = LastXCommandTests.swift; sourceTree = "<group>"; };
		54B76C2C23A8D26300600BDC /* AbsCommandTests.swift */ = {isa = PBXFileReference; lastKnownFileType = sourcecode.swift; path = AbsCommandTests.swift; sourceTree = "<group>"; };
		54D17F76239C4660008F5020 /* Command.swift */ = {isa = PBXFileReference; lastKnownFileType = sourcecode.swift; path = Command.swift; sourceTree = "<group>"; };
		54D17F78239C46C4008F5020 /* EnterCommand.swift */ = {isa = PBXFileReference; lastKnownFileType = sourcecode.swift; path = EnterCommand.swift; sourceTree = "<group>"; };
		54D17F7F239C52E2008F5020 /* Display.swift */ = {isa = PBXFileReference; lastKnownFileType = sourcecode.swift; path = Display.swift; sourceTree = "<group>"; };
		54D17F81239C5752008F5020 /* CalculatorDisplay.swift */ = {isa = PBXFileReference; lastKnownFileType = sourcecode.swift; path = CalculatorDisplay.swift; sourceTree = "<group>"; };
		54D17F83239C59FE008F5020 /* DigitDotCommand.swift */ = {isa = PBXFileReference; lastKnownFileType = sourcecode.swift; path = DigitDotCommand.swift; sourceTree = "<group>"; };
		54D17F85239C5C0E008F5020 /* CalculationCommand.swift */ = {isa = PBXFileReference; lastKnownFileType = sourcecode.swift; path = CalculationCommand.swift; sourceTree = "<group>"; };
		54D17F87239C5DDB008F5020 /* AddCommand.swift */ = {isa = PBXFileReference; lastKnownFileType = sourcecode.swift; path = AddCommand.swift; sourceTree = "<group>"; };
		54D17F89239C5F5B008F5020 /* SubtractCommand.swift */ = {isa = PBXFileReference; lastKnownFileType = sourcecode.swift; path = SubtractCommand.swift; sourceTree = "<group>"; };
		54D17F8B239C5F8C008F5020 /* MultiplyCommand.swift */ = {isa = PBXFileReference; lastKnownFileType = sourcecode.swift; path = MultiplyCommand.swift; sourceTree = "<group>"; };
		54D17F8D239C5FA6008F5020 /* DivideCommand.swift */ = {isa = PBXFileReference; lastKnownFileType = sourcecode.swift; path = DivideCommand.swift; sourceTree = "<group>"; };
		54D17F8F239C6545008F5020 /* SineCommand.swift */ = {isa = PBXFileReference; lastKnownFileType = sourcecode.swift; path = SineCommand.swift; sourceTree = "<group>"; };
		54D17F91239C658F008F5020 /* CosineCommand.swift */ = {isa = PBXFileReference; lastKnownFileType = sourcecode.swift; path = CosineCommand.swift; sourceTree = "<group>"; };
		54D17F93239C65C7008F5020 /* TangentCommand.swift */ = {isa = PBXFileReference; lastKnownFileType = sourcecode.swift; path = TangentCommand.swift; sourceTree = "<group>"; };
		54D17F95239C693B008F5020 /* SquareRootCommand.swift */ = {isa = PBXFileReference; lastKnownFileType = sourcecode.swift; path = SquareRootCommand.swift; sourceTree = "<group>"; };
		54D17F97239C6A74008F5020 /* DivideOneByXCommand.swift */ = {isa = PBXFileReference; lastKnownFileType = sourcecode.swift; path = DivideOneByXCommand.swift; sourceTree = "<group>"; };
		54E03794239A7FF200B30EFB /* ViewControllerTests.swift */ = {isa = PBXFileReference; lastKnownFileType = sourcecode.swift; path = ViewControllerTests.swift; sourceTree = "<group>"; };
		54E769D423A586C400165EDC /* ASineCommand.swift */ = {isa = PBXFileReference; lastKnownFileType = sourcecode.swift; path = ASineCommand.swift; sourceTree = "<group>"; };
		54E769D623A586EC00165EDC /* ACosineCommand.swift */ = {isa = PBXFileReference; lastKnownFileType = sourcecode.swift; path = ACosineCommand.swift; sourceTree = "<group>"; };
		54E769D823A5871D00165EDC /* ATangentCommand.swift */ = {isa = PBXFileReference; lastKnownFileType = sourcecode.swift; path = ATangentCommand.swift; sourceTree = "<group>"; };
		54E769DA23A5875100165EDC /* PowCommand.swift */ = {isa = PBXFileReference; lastKnownFileType = sourcecode.swift; path = PowCommand.swift; sourceTree = "<group>"; };
		54E769DC23A5877400165EDC /* ASineCommandTests.swift */ = {isa = PBXFileReference; lastKnownFileType = sourcecode.swift; path = ASineCommandTests.swift; sourceTree = "<group>"; };
		54E769DE23A587FA00165EDC /* ACosineCommandTests.swift */ = {isa = PBXFileReference; lastKnownFileType = sourcecode.swift; path = ACosineCommandTests.swift; sourceTree = "<group>"; };
		54E769E023A5885700165EDC /* ATangentCommandTests.swift */ = {isa = PBXFileReference; lastKnownFileType = sourcecode.swift; path = ATangentCommandTests.swift; sourceTree = "<group>"; };
		54E769E223A588BD00165EDC /* PowCommandTests.swift */ = {isa = PBXFileReference; lastKnownFileType = sourcecode.swift; path = PowCommandTests.swift; sourceTree = "<group>"; };
		54E769E423A5BB5A00165EDC /* ExpCommand.swift */ = {isa = PBXFileReference; lastKnownFileType = sourcecode.swift; path = ExpCommand.swift; sourceTree = "<group>"; };
		54E769E623A5BB8E00165EDC /* ExpCommandTests.swift */ = {isa = PBXFileReference; lastKnownFileType = sourcecode.swift; path = ExpCommandTests.swift; sourceTree = "<group>"; };
		54E769E823A5BC2900165EDC /* LogCommand.swift */ = {isa = PBXFileReference; lastKnownFileType = sourcecode.swift; path = LogCommand.swift; sourceTree = "<group>"; };
		54E769EA23A5BC5400165EDC /* Log10Command.swift */ = {isa = PBXFileReference; lastKnownFileType = sourcecode.swift; path = Log10Command.swift; sourceTree = "<group>"; };
		54E769EC23A5BC8400165EDC /* LogCommandTests.swift */ = {isa = PBXFileReference; lastKnownFileType = sourcecode.swift; path = LogCommandTests.swift; sourceTree = "<group>"; };
		54E769EE23A5BC9100165EDC /* Log10CommandTests.swift */ = {isa = PBXFileReference; lastKnownFileType = sourcecode.swift; path = Log10CommandTests.swift; sourceTree = "<group>"; };
		54E769F023A5BDF300165EDC /* XOverTenCommand.swift */ = {isa = PBXFileReference; lastKnownFileType = sourcecode.swift; path = XOverTenCommand.swift; sourceTree = "<group>"; };
		54E769F223A5BE4600165EDC /* XOverTenCommandTests.swift */ = {isa = PBXFileReference; lastKnownFileType = sourcecode.swift; path = XOverTenCommandTests.swift; sourceTree = "<group>"; };
		54E769F623A5C03D00165EDC /* SquareXCommandTests.swift */ = {isa = PBXFileReference; lastKnownFileType = sourcecode.swift; path = SquareXCommandTests.swift; sourceTree = "<group>"; };
		54E769F923A5C32500165EDC /* SquareXCommand.swift */ = {isa = PBXFileReference; lastKnownFileType = sourcecode.swift; path = SquareXCommand.swift; sourceTree = "<group>"; };
		54E8146423A7EBCB002E583D /* PICommand.swift */ = {isa = PBXFileReference; lastKnownFileType = sourcecode.swift; path = PICommand.swift; sourceTree = "<group>"; };
		54E8146623A7EFE1002E583D /* PICommandTests.swift */ = {isa = PBXFileReference; lastKnownFileType = sourcecode.swift; path = PICommandTests.swift; sourceTree = "<group>"; };
		54E909E4239DC60700885AE2 /* UPNCommandFactory.swift */ = {isa = PBXFileReference; lastKnownFileType = sourcecode.swift; path = UPNCommandFactory.swift; sourceTree = "<group>"; };
		54F491C623A0E39E001D0E45 /* CommandFactory.swift */ = {isa = PBXFileReference; lastKnownFileType = sourcecode.swift; path = CommandFactory.swift; sourceTree = "<group>"; };
		54F491C823A0E3B5001D0E45 /* CommandKey.swift */ = {isa = PBXFileReference; lastKnownFileType = sourcecode.swift; path = CommandKey.swift; sourceTree = "<group>"; };
/* End PBXFileReference section */

/* Begin PBXFrameworksBuildPhase section */
		54757AE0239A58200048A732 /* Frameworks */ = {
			isa = PBXFrameworksBuildPhase;
			buildActionMask = 2147483647;
			files = (
			);
			runOnlyForDeploymentPostprocessing = 0;
		};
		54757AF6239A58220048A732 /* Frameworks */ = {
			isa = PBXFrameworksBuildPhase;
			buildActionMask = 2147483647;
			files = (
			);
			runOnlyForDeploymentPostprocessing = 0;
		};
		54757B01239A58220048A732 /* Frameworks */ = {
			isa = PBXFrameworksBuildPhase;
			buildActionMask = 2147483647;
			files = (
			);
			runOnlyForDeploymentPostprocessing = 0;
		};
/* End PBXFrameworksBuildPhase section */

/* Begin PBXGroup section */
		544F8AF823A3CC6400C58A42 /* Factory */ = {
			isa = PBXGroup;
			children = (
				54E909E4239DC60700885AE2 /* UPNCommandFactory.swift */,
				54F491C623A0E39E001D0E45 /* CommandFactory.swift */,
			);
			path = Factory;
			sourceTree = "<group>";
		};
		54757ADA239A58200048A732 = {
			isa = PBXGroup;
			children = (
				54B656EC23A4E3CA004E6E7D /* TODO */,
				54757AE5239A58200048A732 /* UPNCalculator */,
				54757AFC239A58220048A732 /* UPNCalculatorTests */,
				54757B07239A58220048A732 /* UPNCalculatorUITests */,
				54757AE4239A58200048A732 /* Products */,
			);
			sourceTree = "<group>";
		};
		54757AE4239A58200048A732 /* Products */ = {
			isa = PBXGroup;
			children = (
				54757AE3239A58200048A732 /* UPNCalculator.app */,
				54757AF9239A58220048A732 /* UPNCalculatorTests.xctest */,
				54757B04239A58220048A732 /* UPNCalculatorUITests.xctest */,
			);
			name = Products;
			sourceTree = "<group>";
		};
		54757AE5239A58200048A732 /* UPNCalculator */ = {
			isa = PBXGroup;
			children = (
				54757B18239A59030048A732 /* Controller */,
				54757B17239A58FE0048A732 /* Model */,
				54757AE6239A58200048A732 /* AppDelegate.swift */,
				54757AE8239A58200048A732 /* SceneDelegate.swift */,
				54757AEC239A58200048A732 /* Main.storyboard */,
				54757AEF239A58210048A732 /* Assets.xcassets */,
				54757AF1239A58210048A732 /* LaunchScreen.storyboard */,
				54757AF4239A58210048A732 /* Info.plist */,
			);
			path = UPNCalculator;
			sourceTree = "<group>";
		};
		54757AFC239A58220048A732 /* UPNCalculatorTests */ = {
			isa = PBXGroup;
			children = (
				54757B1A239A59100048A732 /* Controller */,
				54757B19239A590B0048A732 /* Model */,
				54757AFF239A58220048A732 /* Info.plist */,
			);
			path = UPNCalculatorTests;
			sourceTree = "<group>";
		};
		54757B07239A58220048A732 /* UPNCalculatorUITests */ = {
			isa = PBXGroup;
			children = (
				54E769F823A5C1AB00165EDC /* HandbookTests */,
				54757B08239A58220048A732 /* UPNCalculatorUITests.swift */,
				54757B0A239A58220048A732 /* Info.plist */,
			);
			path = UPNCalculatorUITests;
			sourceTree = "<group>";
		};
		54757B17239A58FE0048A732 /* Model */ = {
			isa = PBXGroup;
			children = (
				54D17F74239C4611008F5020 /* Commands */,
				54757B1D239A5CBD0048A732 /* UPNEngine.swift */,
				54757B21239A5EB10048A732 /* Stack.swift */,
			);
			path = Model;
			sourceTree = "<group>";
		};
		54757B18239A59030048A732 /* Controller */ = {
			isa = PBXGroup;
			children = (
				54757AEA239A58200048A732 /* ViewController.swift */,
				54D17F7F239C52E2008F5020 /* Display.swift */,
				54D17F81239C5752008F5020 /* CalculatorDisplay.swift */,
			);
			path = Controller;
			sourceTree = "<group>";
		};
		54757B19239A590B0048A732 /* Model */ = {
			isa = PBXGroup;
			children = (
				54D17F75239C4622008F5020 /* Commands */,
				54757B1B239A5C6E0048A732 /* UPNEngineTests.swift */,
				54757B1F239A5E660048A732 /* StackTests.swift */,
			);
			path = Model;
			sourceTree = "<group>";
		};
		54757B1A239A59100048A732 /* Controller */ = {
			isa = PBXGroup;
			children = (
				54E03794239A7FF200B30EFB /* ViewControllerTests.swift */,
				545C93D623A1148000CD3156 /* CalculatorDisplayTests.swift */,
			);
			path = Controller;
			sourceTree = "<group>";
		};
		54D17F74239C4611008F5020 /* Commands */ = {
			isa = PBXGroup;
			children = (
				5497C95023A0EDBF00FF7696 /* KeyboardState.swift */,
				54F491C823A0E3B5001D0E45 /* CommandKey.swift */,
				544F8AF823A3CC6400C58A42 /* Factory */,
				54D17F76239C4660008F5020 /* Command.swift */,
				54D17F78239C46C4008F5020 /* EnterCommand.swift */,
				54D17F83239C59FE008F5020 /* DigitDotCommand.swift */,
				54D17F85239C5C0E008F5020 /* CalculationCommand.swift */,
				54D17F87239C5DDB008F5020 /* AddCommand.swift */,
				54D17F89239C5F5B008F5020 /* SubtractCommand.swift */,
				54D17F8B239C5F8C008F5020 /* MultiplyCommand.swift */,
				54D17F8D239C5FA6008F5020 /* DivideCommand.swift */,
				54D17F8F239C6545008F5020 /* SineCommand.swift */,
				54D17F91239C658F008F5020 /* CosineCommand.swift */,
				54D17F93239C65C7008F5020 /* TangentCommand.swift */,
				54D17F95239C693B008F5020 /* SquareRootCommand.swift */,
				54D17F97239C6A74008F5020 /* DivideOneByXCommand.swift */,
				5497C94C23A0E9A300FF7696 /* ClearCommand.swift */,
				5497C94E23A0E9BB00FF7696 /* ChangeSignCommand.swift */,
				54E769D423A586C400165EDC /* ASineCommand.swift */,
				54E769D623A586EC00165EDC /* ACosineCommand.swift */,
				54E769D823A5871D00165EDC /* ATangentCommand.swift */,
				54E769DA23A5875100165EDC /* PowCommand.swift */,
				54E769E423A5BB5A00165EDC /* ExpCommand.swift */,
				54E769E823A5BC2900165EDC /* LogCommand.swift */,
				54E769EA23A5BC5400165EDC /* Log10Command.swift */,
				54E769F023A5BDF300165EDC /* XOverTenCommand.swift */,
				54E769F923A5C32500165EDC /* SquareXCommand.swift */,
				54E8146423A7EBCB002E583D /* PICommand.swift */,
				54B76C2423A8CEFA00600BDC /* AbsCommand.swift */,
				54B76C2823A8D1C500600BDC /* LastXCommand.swift */,
			);
			path = Commands;
			sourceTree = "<group>";
		};
		54D17F75239C4622008F5020 /* Commands */ = {
			isa = PBXGroup;
			children = (
				54699F8C23A24FEE00373D98 /* DigitDotCommandTests.swift */,
				545C93D823A13A6400CD3156 /* AddCommandTests.swift */,
				54699F8623A248F700373D98 /* SubtractCommandTests.swift */,
				54699F8823A2497C00373D98 /* MultiplyCommandTests.swift */,
				54699F8A23A249EA00373D98 /* DivideCommandTests.swift */,
				544F8AF623A3A56100C58A42 /* EnterCommandTests.swift */,
				54B656DE23A4DC85004E6E7D /* SineCommandTests.swift */,
				54B656E023A4DE4F004E6E7D /* CosineCommandTests.swift */,
				54B656E223A4DFF4004E6E7D /* TangentCommandTests.swift */,
				54B656E423A4E0AD004E6E7D /* SquareRootCommandTests.swift */,
				54B656E623A4E14C004E6E7D /* DivideOneByXCommandTests.swift */,
				54B656E823A4E1E1004E6E7D /* ClearCommandTests.swift */,
				54B656EA23A4E2DD004E6E7D /* ChangeSignCommandTests.swift */,
				54E769DC23A5877400165EDC /* ASineCommandTests.swift */,
				54E769DE23A587FA00165EDC /* ACosineCommandTests.swift */,
				54E769E023A5885700165EDC /* ATangentCommandTests.swift */,
				54E769E223A588BD00165EDC /* PowCommandTests.swift */,
				54E769E623A5BB8E00165EDC /* ExpCommandTests.swift */,
				54E769EC23A5BC8400165EDC /* LogCommandTests.swift */,
				54E769EE23A5BC9100165EDC /* Log10CommandTests.swift */,
				54E769F223A5BE4600165EDC /* XOverTenCommandTests.swift */,
				54E769F623A5C03D00165EDC /* SquareXCommandTests.swift */,
				54E8146623A7EFE1002E583D /* PICommandTests.swift */,
				54B76C2A23A8D25700600BDC /* LastXCommandTests.swift */,
				54B76C2C23A8D26300600BDC /* AbsCommandTests.swift */,
			);
			path = Commands;
			sourceTree = "<group>";
		};
		54E769F823A5C1AB00165EDC /* HandbookTests */ = {
			isa = PBXGroup;
			children = (
			);
			path = HandbookTests;
			sourceTree = "<group>";
		};
/* End PBXGroup section */

/* Begin PBXNativeTarget section */
		54757AE2239A58200048A732 /* UPNCalculator */ = {
			isa = PBXNativeTarget;
			buildConfigurationList = 54757B0D239A58220048A732 /* Build configuration list for PBXNativeTarget "UPNCalculator" */;
			buildPhases = (
				54757ADF239A58200048A732 /* Sources */,
				54757AE0239A58200048A732 /* Frameworks */,
				54757AE1239A58200048A732 /* Resources */,
			);
			buildRules = (
			);
			dependencies = (
			);
			name = UPNCalculator;
			productName = UPNCalculator;
			productReference = 54757AE3239A58200048A732 /* UPNCalculator.app */;
			productType = "com.apple.product-type.application";
		};
		54757AF8239A58220048A732 /* UPNCalculatorTests */ = {
			isa = PBXNativeTarget;
			buildConfigurationList = 54757B10239A58220048A732 /* Build configuration list for PBXNativeTarget "UPNCalculatorTests" */;
			buildPhases = (
				54757AF5239A58220048A732 /* Sources */,
				54757AF6239A58220048A732 /* Frameworks */,
				54757AF7239A58220048A732 /* Resources */,
			);
			buildRules = (
			);
			dependencies = (
				54757AFB239A58220048A732 /* PBXTargetDependency */,
			);
			name = UPNCalculatorTests;
			productName = UPNCalculatorTests;
			productReference = 54757AF9239A58220048A732 /* UPNCalculatorTests.xctest */;
			productType = "com.apple.product-type.bundle.unit-test";
		};
		54757B03239A58220048A732 /* UPNCalculatorUITests */ = {
			isa = PBXNativeTarget;
			buildConfigurationList = 54757B13239A58220048A732 /* Build configuration list for PBXNativeTarget "UPNCalculatorUITests" */;
			buildPhases = (
				54757B00239A58220048A732 /* Sources */,
				54757B01239A58220048A732 /* Frameworks */,
				54757B02239A58220048A732 /* Resources */,
			);
			buildRules = (
			);
			dependencies = (
				54757B06239A58220048A732 /* PBXTargetDependency */,
			);
			name = UPNCalculatorUITests;
			productName = UPNCalculatorUITests;
			productReference = 54757B04239A58220048A732 /* UPNCalculatorUITests.xctest */;
			productType = "com.apple.product-type.bundle.ui-testing";
		};
/* End PBXNativeTarget section */

/* Begin PBXProject section */
		54757ADB239A58200048A732 /* Project object */ = {
			isa = PBXProject;
			attributes = {
				LastSwiftUpdateCheck = 1120;
				LastUpgradeCheck = 1120;
				ORGANIZATIONNAME = holgermayer;
				TargetAttributes = {
					54757AE2239A58200048A732 = {
						CreatedOnToolsVersion = 11.2.1;
					};
					54757AF8239A58220048A732 = {
						CreatedOnToolsVersion = 11.2.1;
						TestTargetID = 54757AE2239A58200048A732;
					};
					54757B03239A58220048A732 = {
						CreatedOnToolsVersion = 11.2.1;
						TestTargetID = 54757AE2239A58200048A732;
					};
				};
			};
			buildConfigurationList = 54757ADE239A58200048A732 /* Build configuration list for PBXProject "UPNCalculator" */;
			compatibilityVersion = "Xcode 9.3";
			developmentRegion = en;
			hasScannedForEncodings = 0;
			knownRegions = (
				en,
				Base,
			);
			mainGroup = 54757ADA239A58200048A732;
			productRefGroup = 54757AE4239A58200048A732 /* Products */;
			projectDirPath = "";
			projectRoot = "";
			targets = (
				54757AE2239A58200048A732 /* UPNCalculator */,
				54757AF8239A58220048A732 /* UPNCalculatorTests */,
				54757B03239A58220048A732 /* UPNCalculatorUITests */,
			);
		};
/* End PBXProject section */

/* Begin PBXResourcesBuildPhase section */
		54757AE1239A58200048A732 /* Resources */ = {
			isa = PBXResourcesBuildPhase;
			buildActionMask = 2147483647;
			files = (
				54757AF3239A58210048A732 /* LaunchScreen.storyboard in Resources */,
				54757AF0239A58210048A732 /* Assets.xcassets in Resources */,
				54B656ED23A4E3CA004E6E7D /* TODO in Resources */,
				54757AEE239A58200048A732 /* Main.storyboard in Resources */,
			);
			runOnlyForDeploymentPostprocessing = 0;
		};
		54757AF7239A58220048A732 /* Resources */ = {
			isa = PBXResourcesBuildPhase;
			buildActionMask = 2147483647;
			files = (
			);
			runOnlyForDeploymentPostprocessing = 0;
		};
		54757B02239A58220048A732 /* Resources */ = {
			isa = PBXResourcesBuildPhase;
			buildActionMask = 2147483647;
			files = (
			);
			runOnlyForDeploymentPostprocessing = 0;
		};
/* End PBXResourcesBuildPhase section */

/* Begin PBXSourcesBuildPhase section */
		54757ADF239A58200048A732 /* Sources */ = {
			isa = PBXSourcesBuildPhase;
			buildActionMask = 2147483647;
			files = (
				54F491C923A0E3B5001D0E45 /* CommandKey.swift in Sources */,
				54F491C723A0E39E001D0E45 /* CommandFactory.swift in Sources */,
				54E8146523A7EBCB002E583D /* PICommand.swift in Sources */,
				54757AEB239A58200048A732 /* ViewController.swift in Sources */,
				5497C94D23A0E9A300FF7696 /* ClearCommand.swift in Sources */,
				54D17F79239C46C4008F5020 /* EnterCommand.swift in Sources */,
				54757B22239A5EB10048A732 /* Stack.swift in Sources */,
				54D17F8C239C5F8C008F5020 /* MultiplyCommand.swift in Sources */,
				54E769E523A5BB5A00165EDC /* ExpCommand.swift in Sources */,
				54D17F88239C5DDB008F5020 /* AddCommand.swift in Sources */,
				54B76C2923A8D1C600600BDC /* LastXCommand.swift in Sources */,
				54D17F8A239C5F5B008F5020 /* SubtractCommand.swift in Sources */,
				54757AE7239A58200048A732 /* AppDelegate.swift in Sources */,
				54D17F8E239C5FA6008F5020 /* DivideCommand.swift in Sources */,
				54E769E923A5BC2900165EDC /* LogCommand.swift in Sources */,
				54757AE9239A58200048A732 /* SceneDelegate.swift in Sources */,
				54D17F94239C65C7008F5020 /* TangentCommand.swift in Sources */,
				54D17F80239C52E3008F5020 /* Display.swift in Sources */,
				54E769F123A5BDF300165EDC /* XOverTenCommand.swift in Sources */,
				54E769DB23A5875100165EDC /* PowCommand.swift in Sources */,
				54E769D923A5871D00165EDC /* ATangentCommand.swift in Sources */,
				54757B1E239A5CBD0048A732 /* UPNEngine.swift in Sources */,
				54D17F84239C59FE008F5020 /* DigitDotCommand.swift in Sources */,
				5497C94F23A0E9BB00FF7696 /* ChangeSignCommand.swift in Sources */,
				54D17F77239C4660008F5020 /* Command.swift in Sources */,
				54E769EB23A5BC5400165EDC /* Log10Command.swift in Sources */,
				54D17F82239C5752008F5020 /* CalculatorDisplay.swift in Sources */,
				54D17F90239C6545008F5020 /* SineCommand.swift in Sources */,
				5497C95123A0EDBF00FF7696 /* KeyboardState.swift in Sources */,
				54D17F96239C693B008F5020 /* SquareRootCommand.swift in Sources */,
				54D17F98239C6A74008F5020 /* DivideOneByXCommand.swift in Sources */,
				54B76C2523A8CEFA00600BDC /* AbsCommand.swift in Sources */,
				54D17F92239C658F008F5020 /* CosineCommand.swift in Sources */,
				54E769D723A586EC00165EDC /* ACosineCommand.swift in Sources */,
				54E909E5239DC60700885AE2 /* UPNCommandFactory.swift in Sources */,
				54E769FA23A5C32500165EDC /* SquareXCommand.swift in Sources */,
				54D17F86239C5C0E008F5020 /* CalculationCommand.swift in Sources */,
				54E769D523A586C400165EDC /* ASineCommand.swift in Sources */,
			);
			runOnlyForDeploymentPostprocessing = 0;
		};
		54757AF5239A58220048A732 /* Sources */ = {
			isa = PBXSourcesBuildPhase;
			buildActionMask = 2147483647;
			files = (
				54E03795239A7FF200B30EFB /* ViewControllerTests.swift in Sources */,
				54E769E723A5BB8E00165EDC /* ExpCommandTests.swift in Sources */,
				54757B1C239A5C6E0048A732 /* UPNEngineTests.swift in Sources */,
				54E769ED23A5BC8400165EDC /* LogCommandTests.swift in Sources */,
				54B76C2D23A8D26300600BDC /* AbsCommandTests.swift in Sources */,
				54E769DD23A5877400165EDC /* ASineCommandTests.swift in Sources */,
				54E769F323A5BE4600165EDC /* XOverTenCommandTests.swift in Sources */,
				54699F8B23A249EA00373D98 /* DivideCommandTests.swift in Sources */,
				545C93D723A1148000CD3156 /* CalculatorDisplayTests.swift in Sources */,
				54B656E723A4E14C004E6E7D /* DivideOneByXCommandTests.swift in Sources */,
				54699F8923A2497C00373D98 /* MultiplyCommandTests.swift in Sources */,
				54B76C2B23A8D25700600BDC /* LastXCommandTests.swift in Sources */,
				54B656E323A4DFF4004E6E7D /* TangentCommandTests.swift in Sources */,
				54699F8D23A24FEE00373D98 /* DigitDotCommandTests.swift in Sources */,
				54E769DF23A587FA00165EDC /* ACosineCommandTests.swift in Sources */,
				54B656E123A4DE4F004E6E7D /* CosineCommandTests.swift in Sources */,
				54757B20239A5E660048A732 /* StackTests.swift in Sources */,
				545C93D923A13A6400CD3156 /* AddCommandTests.swift in Sources */,
				54E769EF23A5BC9100165EDC /* Log10CommandTests.swift in Sources */,
				54E769E123A5885700165EDC /* ATangentCommandTests.swift in Sources */,
				54B656E923A4E1E1004E6E7D /* ClearCommandTests.swift in Sources */,
				54B656E523A4E0AD004E6E7D /* SquareRootCommandTests.swift in Sources */,
				54E8146723A7EFE1002E583D /* PICommandTests.swift in Sources */,
				544F8AF723A3A56100C58A42 /* EnterCommandTests.swift in Sources */,
				54E769F723A5C03D00165EDC /* SquareXCommandTests.swift in Sources */,
				54699F8723A248F700373D98 /* SubtractCommandTests.swift in Sources */,
				54B656DF23A4DC85004E6E7D /* SineCommandTests.swift in Sources */,
				54B656EB23A4E2DD004E6E7D /* ChangeSignCommandTests.swift in Sources */,
				54E769E323A588BD00165EDC /* PowCommandTests.swift in Sources */,
			);
			runOnlyForDeploymentPostprocessing = 0;
		};
		54757B00239A58220048A732 /* Sources */ = {
			isa = PBXSourcesBuildPhase;
			buildActionMask = 2147483647;
			files = (
				54757B09239A58220048A732 /* UPNCalculatorUITests.swift in Sources */,
			);
			runOnlyForDeploymentPostprocessing = 0;
		};
/* End PBXSourcesBuildPhase section */

/* Begin PBXTargetDependency section */
		54757AFB239A58220048A732 /* PBXTargetDependency */ = {
			isa = PBXTargetDependency;
			target = 54757AE2239A58200048A732 /* UPNCalculator */;
			targetProxy = 54757AFA239A58220048A732 /* PBXContainerItemProxy */;
		};
		54757B06239A58220048A732 /* PBXTargetDependency */ = {
			isa = PBXTargetDependency;
			target = 54757AE2239A58200048A732 /* UPNCalculator */;
			targetProxy = 54757B05239A58220048A732 /* PBXContainerItemProxy */;
		};
/* End PBXTargetDependency section */

/* Begin PBXVariantGroup section */
		54757AEC239A58200048A732 /* Main.storyboard */ = {
			isa = PBXVariantGroup;
			children = (
				54757AED239A58200048A732 /* Base */,
			);
			name = Main.storyboard;
			sourceTree = "<group>";
		};
		54757AF1239A58210048A732 /* LaunchScreen.storyboard */ = {
			isa = PBXVariantGroup;
			children = (
				54757AF2239A58210048A732 /* Base */,
			);
			name = LaunchScreen.storyboard;
			sourceTree = "<group>";
		};
/* End PBXVariantGroup section */

/* Begin XCBuildConfiguration section */
		54757B0B239A58220048A732 /* Debug */ = {
			isa = XCBuildConfiguration;
			buildSettings = {
				ALWAYS_SEARCH_USER_PATHS = NO;
				CLANG_ANALYZER_NONNULL = YES;
				CLANG_ANALYZER_NUMBER_OBJECT_CONVERSION = YES_AGGRESSIVE;
				CLANG_CXX_LANGUAGE_STANDARD = "gnu++14";
				CLANG_CXX_LIBRARY = "libc++";
				CLANG_ENABLE_MODULES = YES;
				CLANG_ENABLE_OBJC_ARC = YES;
				CLANG_ENABLE_OBJC_WEAK = YES;
				CLANG_WARN_BLOCK_CAPTURE_AUTORELEASING = YES;
				CLANG_WARN_BOOL_CONVERSION = YES;
				CLANG_WARN_COMMA = YES;
				CLANG_WARN_CONSTANT_CONVERSION = YES;
				CLANG_WARN_DEPRECATED_OBJC_IMPLEMENTATIONS = YES;
				CLANG_WARN_DIRECT_OBJC_ISA_USAGE = YES_ERROR;
				CLANG_WARN_DOCUMENTATION_COMMENTS = YES;
				CLANG_WARN_EMPTY_BODY = YES;
				CLANG_WARN_ENUM_CONVERSION = YES;
				CLANG_WARN_INFINITE_RECURSION = YES;
				CLANG_WARN_INT_CONVERSION = YES;
				CLANG_WARN_NON_LITERAL_NULL_CONVERSION = YES;
				CLANG_WARN_OBJC_IMPLICIT_RETAIN_SELF = YES;
				CLANG_WARN_OBJC_LITERAL_CONVERSION = YES;
				CLANG_WARN_OBJC_ROOT_CLASS = YES_ERROR;
				CLANG_WARN_RANGE_LOOP_ANALYSIS = YES;
				CLANG_WARN_STRICT_PROTOTYPES = YES;
				CLANG_WARN_SUSPICIOUS_MOVE = YES;
				CLANG_WARN_UNGUARDED_AVAILABILITY = YES_AGGRESSIVE;
				CLANG_WARN_UNREACHABLE_CODE = YES;
				CLANG_WARN__DUPLICATE_METHOD_MATCH = YES;
				COPY_PHASE_STRIP = NO;
				DEBUG_INFORMATION_FORMAT = dwarf;
				ENABLE_STRICT_OBJC_MSGSEND = YES;
				ENABLE_TESTABILITY = YES;
				GCC_C_LANGUAGE_STANDARD = gnu11;
				GCC_DYNAMIC_NO_PIC = NO;
				GCC_NO_COMMON_BLOCKS = YES;
				GCC_OPTIMIZATION_LEVEL = 0;
				GCC_PREPROCESSOR_DEFINITIONS = (
					"DEBUG=1",
					"$(inherited)",
				);
				GCC_WARN_64_TO_32_BIT_CONVERSION = YES;
				GCC_WARN_ABOUT_RETURN_TYPE = YES_ERROR;
				GCC_WARN_UNDECLARED_SELECTOR = YES;
				GCC_WARN_UNINITIALIZED_AUTOS = YES_AGGRESSIVE;
				GCC_WARN_UNUSED_FUNCTION = YES;
				GCC_WARN_UNUSED_VARIABLE = YES;
				IPHONEOS_DEPLOYMENT_TARGET = 13.2;
				MTL_ENABLE_DEBUG_INFO = INCLUDE_SOURCE;
				MTL_FAST_MATH = YES;
				ONLY_ACTIVE_ARCH = YES;
				SDKROOT = iphoneos;
				SWIFT_ACTIVE_COMPILATION_CONDITIONS = DEBUG;
				SWIFT_OPTIMIZATION_LEVEL = "-Onone";
			};
			name = Debug;
		};
		54757B0C239A58220048A732 /* Release */ = {
			isa = XCBuildConfiguration;
			buildSettings = {
				ALWAYS_SEARCH_USER_PATHS = NO;
				CLANG_ANALYZER_NONNULL = YES;
				CLANG_ANALYZER_NUMBER_OBJECT_CONVERSION = YES_AGGRESSIVE;
				CLANG_CXX_LANGUAGE_STANDARD = "gnu++14";
				CLANG_CXX_LIBRARY = "libc++";
				CLANG_ENABLE_MODULES = YES;
				CLANG_ENABLE_OBJC_ARC = YES;
				CLANG_ENABLE_OBJC_WEAK = YES;
				CLANG_WARN_BLOCK_CAPTURE_AUTORELEASING = YES;
				CLANG_WARN_BOOL_CONVERSION = YES;
				CLANG_WARN_COMMA = YES;
				CLANG_WARN_CONSTANT_CONVERSION = YES;
				CLANG_WARN_DEPRECATED_OBJC_IMPLEMENTATIONS = YES;
				CLANG_WARN_DIRECT_OBJC_ISA_USAGE = YES_ERROR;
				CLANG_WARN_DOCUMENTATION_COMMENTS = YES;
				CLANG_WARN_EMPTY_BODY = YES;
				CLANG_WARN_ENUM_CONVERSION = YES;
				CLANG_WARN_INFINITE_RECURSION = YES;
				CLANG_WARN_INT_CONVERSION = YES;
				CLANG_WARN_NON_LITERAL_NULL_CONVERSION = YES;
				CLANG_WARN_OBJC_IMPLICIT_RETAIN_SELF = YES;
				CLANG_WARN_OBJC_LITERAL_CONVERSION = YES;
				CLANG_WARN_OBJC_ROOT_CLASS = YES_ERROR;
				CLANG_WARN_RANGE_LOOP_ANALYSIS = YES;
				CLANG_WARN_STRICT_PROTOTYPES = YES;
				CLANG_WARN_SUSPICIOUS_MOVE = YES;
				CLANG_WARN_UNGUARDED_AVAILABILITY = YES_AGGRESSIVE;
				CLANG_WARN_UNREACHABLE_CODE = YES;
				CLANG_WARN__DUPLICATE_METHOD_MATCH = YES;
				COPY_PHASE_STRIP = NO;
				DEBUG_INFORMATION_FORMAT = "dwarf-with-dsym";
				ENABLE_NS_ASSERTIONS = NO;
				ENABLE_STRICT_OBJC_MSGSEND = YES;
				GCC_C_LANGUAGE_STANDARD = gnu11;
				GCC_NO_COMMON_BLOCKS = YES;
				GCC_WARN_64_TO_32_BIT_CONVERSION = YES;
				GCC_WARN_ABOUT_RETURN_TYPE = YES_ERROR;
				GCC_WARN_UNDECLARED_SELECTOR = YES;
				GCC_WARN_UNINITIALIZED_AUTOS = YES_AGGRESSIVE;
				GCC_WARN_UNUSED_FUNCTION = YES;
				GCC_WARN_UNUSED_VARIABLE = YES;
				IPHONEOS_DEPLOYMENT_TARGET = 13.2;
				MTL_ENABLE_DEBUG_INFO = NO;
				MTL_FAST_MATH = YES;
				SDKROOT = iphoneos;
				SWIFT_COMPILATION_MODE = wholemodule;
				SWIFT_OPTIMIZATION_LEVEL = "-O";
				VALIDATE_PRODUCT = YES;
			};
			name = Release;
		};
		54757B0E239A58220048A732 /* Debug */ = {
			isa = XCBuildConfiguration;
			buildSettings = {
				ASSETCATALOG_COMPILER_APPICON_NAME = AppIcon;
				CODE_SIGN_STYLE = Automatic;
				DEVELOPMENT_TEAM = ZTF477US4D;
				INFOPLIST_FILE = UPNCalculator/Info.plist;
				LD_RUNPATH_SEARCH_PATHS = (
					"$(inherited)",
					"@executable_path/Frameworks",
				);
				PRODUCT_BUNDLE_IDENTIFIER = "de.h-mayer.UPNCalculator";
				PRODUCT_NAME = "$(TARGET_NAME)";
				SWIFT_VERSION = 5.0;
				TARGETED_DEVICE_FAMILY = "1,2";
			};
			name = Debug;
		};
		54757B0F239A58220048A732 /* Release */ = {
			isa = XCBuildConfiguration;
			buildSettings = {
				ASSETCATALOG_COMPILER_APPICON_NAME = AppIcon;
				CODE_SIGN_STYLE = Automatic;
				DEVELOPMENT_TEAM = ZTF477US4D;
				INFOPLIST_FILE = UPNCalculator/Info.plist;
				LD_RUNPATH_SEARCH_PATHS = (
					"$(inherited)",
					"@executable_path/Frameworks",
				);
				PRODUCT_BUNDLE_IDENTIFIER = "de.h-mayer.UPNCalculator";
				PRODUCT_NAME = "$(TARGET_NAME)";
				SWIFT_VERSION = 5.0;
				TARGETED_DEVICE_FAMILY = "1,2";
			};
			name = Release;
		};
		54757B11239A58220048A732 /* Debug */ = {
			isa = XCBuildConfiguration;
			buildSettings = {
				ALWAYS_EMBED_SWIFT_STANDARD_LIBRARIES = YES;
				BUNDLE_LOADER = "$(TEST_HOST)";
				CODE_SIGN_STYLE = Automatic;
				DEVELOPMENT_TEAM = ZTF477US4D;
				INFOPLIST_FILE = UPNCalculatorTests/Info.plist;
				IPHONEOS_DEPLOYMENT_TARGET = 13.2;
				LD_RUNPATH_SEARCH_PATHS = (
					"$(inherited)",
					"@executable_path/Frameworks",
					"@loader_path/Frameworks",
				);
				PRODUCT_BUNDLE_IDENTIFIER = "de.h-mayer.UPNCalculatorTests";
				PRODUCT_NAME = "$(TARGET_NAME)";
				SWIFT_VERSION = 5.0;
				TARGETED_DEVICE_FAMILY = "1,2";
				TEST_HOST = "$(BUILT_PRODUCTS_DIR)/UPNCalculator.app/UPNCalculator";
			};
			name = Debug;
		};
		54757B12239A58220048A732 /* Release */ = {
			isa = XCBuildConfiguration;
			buildSettings = {
				ALWAYS_EMBED_SWIFT_STANDARD_LIBRARIES = YES;
				BUNDLE_LOADER = "$(TEST_HOST)";
				CODE_SIGN_STYLE = Automatic;
				DEVELOPMENT_TEAM = ZTF477US4D;
				INFOPLIST_FILE = UPNCalculatorTests/Info.plist;
				IPHONEOS_DEPLOYMENT_TARGET = 13.2;
				LD_RUNPATH_SEARCH_PATHS = (
					"$(inherited)",
					"@executable_path/Frameworks",
					"@loader_path/Frameworks",
				);
				PRODUCT_BUNDLE_IDENTIFIER = "de.h-mayer.UPNCalculatorTests";
				PRODUCT_NAME = "$(TARGET_NAME)";
				SWIFT_VERSION = 5.0;
				TARGETED_DEVICE_FAMILY = "1,2";
				TEST_HOST = "$(BUILT_PRODUCTS_DIR)/UPNCalculator.app/UPNCalculator";
			};
			name = Release;
		};
		54757B14239A58220048A732 /* Debug */ = {
			isa = XCBuildConfiguration;
			buildSettings = {
				ALWAYS_EMBED_SWIFT_STANDARD_LIBRARIES = YES;
				CODE_SIGN_STYLE = Automatic;
				DEVELOPMENT_TEAM = ZTF477US4D;
				INFOPLIST_FILE = UPNCalculatorUITests/Info.plist;
				LD_RUNPATH_SEARCH_PATHS = (
					"$(inherited)",
					"@executable_path/Frameworks",
					"@loader_path/Frameworks",
				);
				PRODUCT_BUNDLE_IDENTIFIER = "de.h-mayer.UPNCalculatorUITests";
				PRODUCT_NAME = "$(TARGET_NAME)";
				SWIFT_VERSION = 5.0;
				TARGETED_DEVICE_FAMILY = "1,2";
				TEST_TARGET_NAME = UPNCalculator;
			};
			name = Debug;
		};
		54757B15239A58220048A732 /* Release */ = {
			isa = XCBuildConfiguration;
			buildSettings = {
				ALWAYS_EMBED_SWIFT_STANDARD_LIBRARIES = YES;
				CODE_SIGN_STYLE = Automatic;
				DEVELOPMENT_TEAM = ZTF477US4D;
				INFOPLIST_FILE = UPNCalculatorUITests/Info.plist;
				LD_RUNPATH_SEARCH_PATHS = (
					"$(inherited)",
					"@executable_path/Frameworks",
					"@loader_path/Frameworks",
				);
				PRODUCT_BUNDLE_IDENTIFIER = "de.h-mayer.UPNCalculatorUITests";
				PRODUCT_NAME = "$(TARGET_NAME)";
				SWIFT_VERSION = 5.0;
				TARGETED_DEVICE_FAMILY = "1,2";
				TEST_TARGET_NAME = UPNCalculator;
			};
			name = Release;
		};
/* End XCBuildConfiguration section */

/* Begin XCConfigurationList section */
		54757ADE239A58200048A732 /* Build configuration list for PBXProject "UPNCalculator" */ = {
			isa = XCConfigurationList;
			buildConfigurations = (
				54757B0B239A58220048A732 /* Debug */,
				54757B0C239A58220048A732 /* Release */,
			);
			defaultConfigurationIsVisible = 0;
			defaultConfigurationName = Release;
		};
		54757B0D239A58220048A732 /* Build configuration list for PBXNativeTarget "UPNCalculator" */ = {
			isa = XCConfigurationList;
			buildConfigurations = (
				54757B0E239A58220048A732 /* Debug */,
				54757B0F239A58220048A732 /* Release */,
			);
			defaultConfigurationIsVisible = 0;
			defaultConfigurationName = Release;
		};
		54757B10239A58220048A732 /* Build configuration list for PBXNativeTarget "UPNCalculatorTests" */ = {
			isa = XCConfigurationList;
			buildConfigurations = (
				54757B11239A58220048A732 /* Debug */,
				54757B12239A58220048A732 /* Release */,
			);
			defaultConfigurationIsVisible = 0;
			defaultConfigurationName = Release;
		};
		54757B13239A58220048A732 /* Build configuration list for PBXNativeTarget "UPNCalculatorUITests" */ = {
			isa = XCConfigurationList;
			buildConfigurations = (
				54757B14239A58220048A732 /* Debug */,
				54757B15239A58220048A732 /* Release */,
			);
			defaultConfigurationIsVisible = 0;
			defaultConfigurationName = Release;
		};
/* End XCConfigurationList section */
	};
	rootObject = 54757ADB239A58200048A732 /* Project object */;
}
